
Microsoft Visual Studio Solution File, Format Version 12.00
# Visual Studio Version 16
VisualStudioVersion = 16.0.32002.261
MinimumVisualStudioVersion = 10.0.40219.1
Project("{FAE04EC0-301F-11D3-BF4B-00C04F79EFBC}") = "Clinica_Medica_Polanco", "Clinica_Medica_Polanco\Clinica_Medica_Polanco.csproj", "{00CA4FD9-3F00-4BEB-924B-92E0FEE2A19A}"
EndProject
Global
	GlobalSection(SolutionConfigurationPlatforms) = preSolution
		Debug|Any CPU = Debug|Any CPU
		Release|Any CPU = Release|Any CPU
	EndGlobalSection
	GlobalSection(ProjectConfigurationPlatforms) = postSolution
		{00CA4FD9-3F00-4BEB-924B-92E0FEE2A19A}.Debug|Any CPU.ActiveCfg = Debug|Any CPU
		{00CA4FD9-3F00-4BEB-924B-92E0FEE2A19A}.Debug|Any CPU.Build.0 = Debug|Any CPU
		{00CA4FD9-3F00-4BEB-924B-92E0FEE2A19A}.Release|Any CPU.ActiveCfg = Release|Any CPU
		{00CA4FD9-3F00-4BEB-924B-92E0FEE2A19A}.Release|Any CPU.Build.0 = Release|Any CPU
	EndGlobalSection
	GlobalSection(SolutionProperties) = preSolution
		HideSolutionNode = FALSE
	EndGlobalSection
	GlobalSection(ExtensibilityGlobals) = postSolution
		SolutionGuid = {14369FA4-5CB4-41B0-966B-990696BA99E1}
	EndGlobalSection
EndGlobal
