
Microsoft Visual Studio Solution File, Format Version 12.00
# Visual Studio Version 16
VisualStudioVersion = 16.0.32002.261
MinimumVisualStudioVersion = 10.0.40219.1
Project("{FAE04EC0-301F-11D3-BF4B-00C04F79EFBC}") = "Clinica medica polanco", "Clinica medica polanco\Clinica medica polanco.csproj", "{9C8F7722-E8FF-462F-BB0C-BC919483AB9F}"
EndProject
Global
	GlobalSection(SolutionConfigurationPlatforms) = preSolution
		Debug|Any CPU = Debug|Any CPU
		Release|Any CPU = Release|Any CPU
	EndGlobalSection
	GlobalSection(ProjectConfigurationPlatforms) = postSolution
		{9C8F7722-E8FF-462F-BB0C-BC919483AB9F}.Debug|Any CPU.ActiveCfg = Debug|Any CPU
		{9C8F7722-E8FF-462F-BB0C-BC919483AB9F}.Debug|Any CPU.Build.0 = Debug|Any CPU
		{9C8F7722-E8FF-462F-BB0C-BC919483AB9F}.Release|Any CPU.ActiveCfg = Release|Any CPU
		{9C8F7722-E8FF-462F-BB0C-BC919483AB9F}.Release|Any CPU.Build.0 = Release|Any CPU
	EndGlobalSection
	GlobalSection(SolutionProperties) = preSolution
		HideSolutionNode = FALSE
	EndGlobalSection
	GlobalSection(ExtensibilityGlobals) = postSolution
		SolutionGuid = {C3DDC0FB-CDCF-4C3E-8A8C-2029E11562E2}
	EndGlobalSection
EndGlobal
